
Microsoft Visual Studio Solution File, Format Version 12.00
# Visual Studio 15
VisualStudioVersion = 15.0.27703.2026
MinimumVisualStudioVersion = 10.0.40219.1
Project("{FAE04EC0-301F-11D3-BF4B-00C04F79EFBC}") = "QuickSort", "QuickSort\QuickSort.csproj", "{91851A8A-1703-458A-BFA8-0E7F1920D2F0}"
EndProject
Project("{FAE04EC0-301F-11D3-BF4B-00C04F79EFBC}") = "XUnitTestProject1", "XUnitTestProject1\XUnitTestProject1.csproj", "{B3B39BC7-3D87-428C-8A38-5F7040F53942}"
EndProject
Global
	GlobalSection(SolutionConfigurationPlatforms) = preSolution
		Debug|Any CPU = Debug|Any CPU
		Release|Any CPU = Release|Any CPU
	EndGlobalSection
	GlobalSection(ProjectConfigurationPlatforms) = postSolution
		{91851A8A-1703-458A-BFA8-0E7F1920D2F0}.Debug|Any CPU.ActiveCfg = Debug|Any CPU
		{91851A8A-1703-458A-BFA8-0E7F1920D2F0}.Debug|Any CPU.Build.0 = Debug|Any CPU
		{91851A8A-1703-458A-BFA8-0E7F1920D2F0}.Release|Any CPU.ActiveCfg = Release|Any CPU
		{91851A8A-1703-458A-BFA8-0E7F1920D2F0}.Release|Any CPU.Build.0 = Release|Any CPU
		{B3B39BC7-3D87-428C-8A38-5F7040F53942}.Debug|Any CPU.ActiveCfg = Debug|Any CPU
		{B3B39BC7-3D87-428C-8A38-5F7040F53942}.Debug|Any CPU.Build.0 = Debug|Any CPU
		{B3B39BC7-3D87-428C-8A38-5F7040F53942}.Release|Any CPU.ActiveCfg = Release|Any CPU
		{B3B39BC7-3D87-428C-8A38-5F7040F53942}.Release|Any CPU.Build.0 = Release|Any CPU
	EndGlobalSection
	GlobalSection(SolutionProperties) = preSolution
		HideSolutionNode = FALSE
	EndGlobalSection
	GlobalSection(ExtensibilityGlobals) = postSolution
		SolutionGuid = {398F6876-167F-4AC0-8CB3-5973E94DDF5B}
	EndGlobalSection
EndGlobal
