
Microsoft Visual Studio Solution File, Format Version 12.00
# Visual Studio 15
VisualStudioVersion = 15.0.27703.2026
MinimumVisualStudioVersion = 10.0.40219.1
Project("{FAE04EC0-301F-11D3-BF4B-00C04F79EFBC}") = "ImplementHashTables", "ImplementHashTables\ImplementHashTables.csproj", "{5875F3A8-4672-4FC7-AA6C-F097B1A537B4}"
EndProject
Project("{FAE04EC0-301F-11D3-BF4B-00C04F79EFBC}") = "XUnitTestProject1", "XUnitTestProject1\XUnitTestProject1.csproj", "{DC05409D-8FAC-40C9-A5A3-B88704294416}"
EndProject
Global
	GlobalSection(SolutionConfigurationPlatforms) = preSolution
		Debug|Any CPU = Debug|Any CPU
		Release|Any CPU = Release|Any CPU
	EndGlobalSection
	GlobalSection(ProjectConfigurationPlatforms) = postSolution
		{5875F3A8-4672-4FC7-AA6C-F097B1A537B4}.Debug|Any CPU.ActiveCfg = Debug|Any CPU
		{5875F3A8-4672-4FC7-AA6C-F097B1A537B4}.Debug|Any CPU.Build.0 = Debug|Any CPU
		{5875F3A8-4672-4FC7-AA6C-F097B1A537B4}.Release|Any CPU.ActiveCfg = Release|Any CPU
		{5875F3A8-4672-4FC7-AA6C-F097B1A537B4}.Release|Any CPU.Build.0 = Release|Any CPU
		{DC05409D-8FAC-40C9-A5A3-B88704294416}.Debug|Any CPU.ActiveCfg = Debug|Any CPU
		{DC05409D-8FAC-40C9-A5A3-B88704294416}.Debug|Any CPU.Build.0 = Debug|Any CPU
		{DC05409D-8FAC-40C9-A5A3-B88704294416}.Release|Any CPU.ActiveCfg = Release|Any CPU
		{DC05409D-8FAC-40C9-A5A3-B88704294416}.Release|Any CPU.Build.0 = Release|Any CPU
	EndGlobalSection
	GlobalSection(SolutionProperties) = preSolution
		HideSolutionNode = FALSE
	EndGlobalSection
	GlobalSection(ExtensibilityGlobals) = postSolution
		SolutionGuid = {4D316D74-9382-4BA9-9032-D2A147198BB2}
	EndGlobalSection
EndGlobal
