
Microsoft Visual Studio Solution File, Format Version 12.00
# Visual Studio 15
VisualStudioVersion = 15.0.27703.2026
MinimumVisualStudioVersion = 10.0.40219.1
Project("{9A19103F-16F7-4668-BE54-9A1E7A4F7556}") = "FizzBuzzTree", "FizzBuzz\FizzBuzzTree.csproj", "{0E3DA5AC-6A1C-42B8-9C97-8D151858AAEA}"
EndProject
Project("{FAE04EC0-301F-11D3-BF4B-00C04F79EFBC}") = "XUnitTestProject1", "XUnitTestProject1\XUnitTestProject1.csproj", "{EA3C8E65-47EB-43F7-8303-928C6FBC9E5F}"
EndProject
Global
	GlobalSection(SolutionConfigurationPlatforms) = preSolution
		Debug|Any CPU = Debug|Any CPU
		Release|Any CPU = Release|Any CPU
	EndGlobalSection
	GlobalSection(ProjectConfigurationPlatforms) = postSolution
		{0E3DA5AC-6A1C-42B8-9C97-8D151858AAEA}.Debug|Any CPU.ActiveCfg = Debug|Any CPU
		{0E3DA5AC-6A1C-42B8-9C97-8D151858AAEA}.Debug|Any CPU.Build.0 = Debug|Any CPU
		{0E3DA5AC-6A1C-42B8-9C97-8D151858AAEA}.Release|Any CPU.ActiveCfg = Release|Any CPU
		{0E3DA5AC-6A1C-42B8-9C97-8D151858AAEA}.Release|Any CPU.Build.0 = Release|Any CPU
		{EA3C8E65-47EB-43F7-8303-928C6FBC9E5F}.Debug|Any CPU.ActiveCfg = Debug|Any CPU
		{EA3C8E65-47EB-43F7-8303-928C6FBC9E5F}.Debug|Any CPU.Build.0 = Debug|Any CPU
		{EA3C8E65-47EB-43F7-8303-928C6FBC9E5F}.Release|Any CPU.ActiveCfg = Release|Any CPU
		{EA3C8E65-47EB-43F7-8303-928C6FBC9E5F}.Release|Any CPU.Build.0 = Release|Any CPU
	EndGlobalSection
	GlobalSection(SolutionProperties) = preSolution
		HideSolutionNode = FALSE
	EndGlobalSection
	GlobalSection(ExtensibilityGlobals) = postSolution
		SolutionGuid = {BC213236-8C2D-4C2E-81F8-EAB469395B99}
	EndGlobalSection
EndGlobal
