
Microsoft Visual Studio Solution File, Format Version 12.00
# Visual Studio 15
VisualStudioVersion = 15.0.27703.2026
MinimumVisualStudioVersion = 10.0.40219.1
Project("{FAE04EC0-301F-11D3-BF4B-00C04F79EFBC}") = "12-AnimalShelter", "12-AnimalShelter\12-AnimalShelter.csproj", "{0AA3DB31-6FA4-4AFE-A7D8-03F0F66543E6}"
EndProject
Project("{FAE04EC0-301F-11D3-BF4B-00C04F79EFBC}") = "XUnitTestProject1", "XUnitTestProject1\XUnitTestProject1.csproj", "{60F05054-7766-4AF5-94CA-163446B195A7}"
EndProject
Global
	GlobalSection(SolutionConfigurationPlatforms) = preSolution
		Debug|Any CPU = Debug|Any CPU
		Release|Any CPU = Release|Any CPU
	EndGlobalSection
	GlobalSection(ProjectConfigurationPlatforms) = postSolution
		{0AA3DB31-6FA4-4AFE-A7D8-03F0F66543E6}.Debug|Any CPU.ActiveCfg = Debug|Any CPU
		{0AA3DB31-6FA4-4AFE-A7D8-03F0F66543E6}.Debug|Any CPU.Build.0 = Debug|Any CPU
		{0AA3DB31-6FA4-4AFE-A7D8-03F0F66543E6}.Release|Any CPU.ActiveCfg = Release|Any CPU
		{0AA3DB31-6FA4-4AFE-A7D8-03F0F66543E6}.Release|Any CPU.Build.0 = Release|Any CPU
		{60F05054-7766-4AF5-94CA-163446B195A7}.Debug|Any CPU.ActiveCfg = Debug|Any CPU
		{60F05054-7766-4AF5-94CA-163446B195A7}.Debug|Any CPU.Build.0 = Debug|Any CPU
		{60F05054-7766-4AF5-94CA-163446B195A7}.Release|Any CPU.ActiveCfg = Release|Any CPU
		{60F05054-7766-4AF5-94CA-163446B195A7}.Release|Any CPU.Build.0 = Release|Any CPU
	EndGlobalSection
	GlobalSection(SolutionProperties) = preSolution
		HideSolutionNode = FALSE
	EndGlobalSection
	GlobalSection(ExtensibilityGlobals) = postSolution
		SolutionGuid = {EBBE6409-1D00-49F8-9BC1-338802561FCC}
	EndGlobalSection
EndGlobal
