
Microsoft Visual Studio Solution File, Format Version 12.00
# Visual Studio 15
VisualStudioVersion = 15.0.27703.2026
MinimumVisualStudioVersion = 10.0.40219.1
Project("{FAE04EC0-301F-11D3-BF4B-00C04F79EFBC}") = "MultiBracket", "MultiBracket\MultiBracket.csproj", "{34D9782D-33DA-47AA-B65D-DF690ADA3627}"
EndProject
Project("{FAE04EC0-301F-11D3-BF4B-00C04F79EFBC}") = "XUnitTestProject1", "XUnitTestProject1\XUnitTestProject1.csproj", "{DC84E2E6-4294-43AC-AD59-78772C654B90}"
EndProject
Global
	GlobalSection(SolutionConfigurationPlatforms) = preSolution
		Debug|Any CPU = Debug|Any CPU
		Release|Any CPU = Release|Any CPU
	EndGlobalSection
	GlobalSection(ProjectConfigurationPlatforms) = postSolution
		{34D9782D-33DA-47AA-B65D-DF690ADA3627}.Debug|Any CPU.ActiveCfg = Debug|Any CPU
		{34D9782D-33DA-47AA-B65D-DF690ADA3627}.Debug|Any CPU.Build.0 = Debug|Any CPU
		{34D9782D-33DA-47AA-B65D-DF690ADA3627}.Release|Any CPU.ActiveCfg = Release|Any CPU
		{34D9782D-33DA-47AA-B65D-DF690ADA3627}.Release|Any CPU.Build.0 = Release|Any CPU
		{DC84E2E6-4294-43AC-AD59-78772C654B90}.Debug|Any CPU.ActiveCfg = Debug|Any CPU
		{DC84E2E6-4294-43AC-AD59-78772C654B90}.Debug|Any CPU.Build.0 = Debug|Any CPU
		{DC84E2E6-4294-43AC-AD59-78772C654B90}.Release|Any CPU.ActiveCfg = Release|Any CPU
		{DC84E2E6-4294-43AC-AD59-78772C654B90}.Release|Any CPU.Build.0 = Release|Any CPU
	EndGlobalSection
	GlobalSection(SolutionProperties) = preSolution
		HideSolutionNode = FALSE
	EndGlobalSection
	GlobalSection(ExtensibilityGlobals) = postSolution
		SolutionGuid = {E2947476-9C66-40B7-A375-C332B1FE1391}
	EndGlobalSection
EndGlobal
