
Microsoft Visual Studio Solution File, Format Version 12.00
# Visual Studio 15
VisualStudioVersion = 15.0.27703.2026
MinimumVisualStudioVersion = 10.0.40219.1
Project("{FAE04EC0-301F-11D3-BF4B-00C04F79EFBC}") = "01_ReverseArray", "01_ReverseArray\01_ReverseArray.csproj", "{37E29AED-337D-40A5-B72F-8495CF6E420D}"
EndProject
Global
	GlobalSection(SolutionConfigurationPlatforms) = preSolution
		Debug|Any CPU = Debug|Any CPU
		Release|Any CPU = Release|Any CPU
	EndGlobalSection
	GlobalSection(ProjectConfigurationPlatforms) = postSolution
		{37E29AED-337D-40A5-B72F-8495CF6E420D}.Debug|Any CPU.ActiveCfg = Debug|Any CPU
		{37E29AED-337D-40A5-B72F-8495CF6E420D}.Debug|Any CPU.Build.0 = Debug|Any CPU
		{37E29AED-337D-40A5-B72F-8495CF6E420D}.Release|Any CPU.ActiveCfg = Release|Any CPU
		{37E29AED-337D-40A5-B72F-8495CF6E420D}.Release|Any CPU.Build.0 = Release|Any CPU
	EndGlobalSection
	GlobalSection(SolutionProperties) = preSolution
		HideSolutionNode = FALSE
	EndGlobalSection
	GlobalSection(ExtensibilityGlobals) = postSolution
		SolutionGuid = {C40EA27E-1103-44AE-8C5B-BB924A2ACD6B}
	EndGlobalSection
EndGlobal
