
Microsoft Visual Studio Solution File, Format Version 12.00
# Visual Studio 15
VisualStudioVersion = 15.0.27703.2026
MinimumVisualStudioVersion = 10.0.40219.1
Project("{9A19103F-16F7-4668-BE54-9A1E7A4F7556}") = "LeftJoin", "LeftJoin\LeftJoin.csproj", "{867D5B1B-7136-4D20-A422-814D129EAE20}"
EndProject
Project("{9A19103F-16F7-4668-BE54-9A1E7A4F7556}") = "XUnitTestProject1", "XUnitTestProject1\XUnitTestProject1.csproj", "{B5DFE774-D81D-4CF3-8641-D56A923A97FB}"
EndProject
Global
	GlobalSection(SolutionConfigurationPlatforms) = preSolution
		Debug|Any CPU = Debug|Any CPU
		Release|Any CPU = Release|Any CPU
	EndGlobalSection
	GlobalSection(ProjectConfigurationPlatforms) = postSolution
		{867D5B1B-7136-4D20-A422-814D129EAE20}.Debug|Any CPU.ActiveCfg = Debug|Any CPU
		{867D5B1B-7136-4D20-A422-814D129EAE20}.Debug|Any CPU.Build.0 = Debug|Any CPU
		{867D5B1B-7136-4D20-A422-814D129EAE20}.Release|Any CPU.ActiveCfg = Release|Any CPU
		{867D5B1B-7136-4D20-A422-814D129EAE20}.Release|Any CPU.Build.0 = Release|Any CPU
		{B5DFE774-D81D-4CF3-8641-D56A923A97FB}.Debug|Any CPU.ActiveCfg = Debug|Any CPU
		{B5DFE774-D81D-4CF3-8641-D56A923A97FB}.Debug|Any CPU.Build.0 = Debug|Any CPU
		{B5DFE774-D81D-4CF3-8641-D56A923A97FB}.Release|Any CPU.ActiveCfg = Release|Any CPU
		{B5DFE774-D81D-4CF3-8641-D56A923A97FB}.Release|Any CPU.Build.0 = Release|Any CPU
	EndGlobalSection
	GlobalSection(SolutionProperties) = preSolution
		HideSolutionNode = FALSE
	EndGlobalSection
	GlobalSection(ExtensibilityGlobals) = postSolution
		SolutionGuid = {8B3DB39D-31BD-40B3-A5DE-782AB3C6EFB9}
	EndGlobalSection
EndGlobal
