
Microsoft Visual Studio Solution File, Format Version 12.00
# Visual Studio 15
VisualStudioVersion = 15.0.27703.2026
MinimumVisualStudioVersion = 10.0.40219.1
Project("{9A19103F-16F7-4668-BE54-9A1E7A4F7556}") = "ll_merge", "ll_merge\ll_merge.csproj", "{CE4EFFD5-4E05-431F-A8AC-E298181B3387}"
EndProject
Project("{FAE04EC0-301F-11D3-BF4B-00C04F79EFBC}") = "XUnitTestProject2", "XUnitTestProject2\XUnitTestProject2.csproj", "{8885C80B-FF0B-4EE4-894E-83BE270F06FA}"
EndProject
Global
	GlobalSection(SolutionConfigurationPlatforms) = preSolution
		Debug|Any CPU = Debug|Any CPU
		Release|Any CPU = Release|Any CPU
	EndGlobalSection
	GlobalSection(ProjectConfigurationPlatforms) = postSolution
		{CE4EFFD5-4E05-431F-A8AC-E298181B3387}.Debug|Any CPU.ActiveCfg = Debug|Any CPU
		{CE4EFFD5-4E05-431F-A8AC-E298181B3387}.Debug|Any CPU.Build.0 = Debug|Any CPU
		{CE4EFFD5-4E05-431F-A8AC-E298181B3387}.Release|Any CPU.ActiveCfg = Release|Any CPU
		{CE4EFFD5-4E05-431F-A8AC-E298181B3387}.Release|Any CPU.Build.0 = Release|Any CPU
		{8885C80B-FF0B-4EE4-894E-83BE270F06FA}.Debug|Any CPU.ActiveCfg = Debug|Any CPU
		{8885C80B-FF0B-4EE4-894E-83BE270F06FA}.Debug|Any CPU.Build.0 = Debug|Any CPU
		{8885C80B-FF0B-4EE4-894E-83BE270F06FA}.Release|Any CPU.ActiveCfg = Release|Any CPU
		{8885C80B-FF0B-4EE4-894E-83BE270F06FA}.Release|Any CPU.Build.0 = Release|Any CPU
	EndGlobalSection
	GlobalSection(SolutionProperties) = preSolution
		HideSolutionNode = FALSE
	EndGlobalSection
	GlobalSection(ExtensibilityGlobals) = postSolution
		SolutionGuid = {3212E5A0-8E63-4478-B9CB-654EFFAF00EA}
	EndGlobalSection
EndGlobal
